
Microsoft Visual Studio Solution File, Format Version 12.00
# Visual Studio 14
VisualStudioVersion = 14.0.25420.1
MinimumVisualStudioVersion = 10.0.40219.1
Project("{FAE04EC0-301F-11D3-BF4B-00C04F79EFBC}") = "PSI.WebAPI", "PSI.WebAPI\PSI.WebAPI.csproj", "{38899E5A-B555-48CC-B6BD-97DAA4B485FC}"
EndProject
Project("{E24C65DC-7377-472B-9ABA-BC803B73C61A}") = "PSI.Client(1)", "PSI.Client\", "{C55B5032-CE72-48C1-BAF2-25B3D4F8B254}"
	ProjectSection(WebsiteProperties) = preProject
		TargetFrameworkMoniker = ".NETFramework,Version%3Dv4.5.2"
		Debug.AspNetCompiler.VirtualPath = "/localhost_22205"
		Debug.AspNetCompiler.PhysicalPath = "PSI.Client\"
		Debug.AspNetCompiler.TargetPath = "PrecompiledWeb\localhost_22205\"
		Debug.AspNetCompiler.Updateable = "true"
		Debug.AspNetCompiler.ForceOverwrite = "true"
		Debug.AspNetCompiler.FixedNames = "false"
		Debug.AspNetCompiler.Debug = "True"
		Release.AspNetCompiler.VirtualPath = "/localhost_22205"
		Release.AspNetCompiler.PhysicalPath = "PSI.Client\"
		Release.AspNetCompiler.TargetPath = "PrecompiledWeb\localhost_22205\"
		Release.AspNetCompiler.Updateable = "true"
		Release.AspNetCompiler.ForceOverwrite = "true"
		Release.AspNetCompiler.FixedNames = "false"
		Release.AspNetCompiler.Debug = "False"
		VWDPort = "22205"
		SlnRelativePath = "PSI.Client\"
	EndProjectSection
EndProject
Global
	GlobalSection(SolutionConfigurationPlatforms) = preSolution
		Debug|Any CPU = Debug|Any CPU
		Release|Any CPU = Release|Any CPU
	EndGlobalSection
	GlobalSection(ProjectConfigurationPlatforms) = postSolution
		{38899E5A-B555-48CC-B6BD-97DAA4B485FC}.Debug|Any CPU.ActiveCfg = Debug|Any CPU
		{38899E5A-B555-48CC-B6BD-97DAA4B485FC}.Debug|Any CPU.Build.0 = Debug|Any CPU
		{38899E5A-B555-48CC-B6BD-97DAA4B485FC}.Release|Any CPU.ActiveCfg = Release|Any CPU
		{38899E5A-B555-48CC-B6BD-97DAA4B485FC}.Release|Any CPU.Build.0 = Release|Any CPU
		{C55B5032-CE72-48C1-BAF2-25B3D4F8B254}.Debug|Any CPU.ActiveCfg = Debug|Any CPU
		{C55B5032-CE72-48C1-BAF2-25B3D4F8B254}.Debug|Any CPU.Build.0 = Debug|Any CPU
		{C55B5032-CE72-48C1-BAF2-25B3D4F8B254}.Release|Any CPU.ActiveCfg = Debug|Any CPU
		{C55B5032-CE72-48C1-BAF2-25B3D4F8B254}.Release|Any CPU.Build.0 = Debug|Any CPU
	EndGlobalSection
	GlobalSection(SolutionProperties) = preSolution
		HideSolutionNode = FALSE
	EndGlobalSection
EndGlobal
